
Microsoft Visual Studio Solution File, Format Version 12.00
# Visual Studio Version 17
VisualStudioVersion = 17.1.32328.378
MinimumVisualStudioVersion = 10.0.40219.1
Project("{9A19103F-16F7-4668-BE54-9A1E7A4F7556}") = "C314.Website", "C314.Website\C314.Website.csproj", "{3D9FD28E-4084-4DA2-8A93-E08859858ADF}"
EndProject
Global
	GlobalSection(SolutionConfigurationPlatforms) = preSolution
		Debug|Any CPU = Debug|Any CPU
		Release|Any CPU = Release|Any CPU
	EndGlobalSection
	GlobalSection(ProjectConfigurationPlatforms) = postSolution
		{3D9FD28E-4084-4DA2-8A93-E08859858ADF}.Debug|Any CPU.ActiveCfg = Debug|Any CPU
		{3D9FD28E-4084-4DA2-8A93-E08859858ADF}.Debug|Any CPU.Build.0 = Debug|Any CPU
		{3D9FD28E-4084-4DA2-8A93-E08859858ADF}.Release|Any CPU.ActiveCfg = Release|Any CPU
		{3D9FD28E-4084-4DA2-8A93-E08859858ADF}.Release|Any CPU.Build.0 = Release|Any CPU
	EndGlobalSection
	GlobalSection(SolutionProperties) = preSolution
		HideSolutionNode = FALSE
	EndGlobalSection
	GlobalSection(ExtensibilityGlobals) = postSolution
		SolutionGuid = {CF479056-2D15-4F14-8484-58C1670EDBA2}
	EndGlobalSection
EndGlobal
